
Microsoft Visual Studio Solution File, Format Version 12.00
# Visual Studio Express 2013 for Web
VisualStudioVersion = 12.0.21005.1
MinimumVisualStudioVersion = 10.0.40219.1
Project("{FAE04EC0-301F-11D3-BF4B-00C04F79EFBC}") = "Employee_API", "Employee_API\Employee_API.csproj", "{504C82C4-4FDF-4B0E-8C61-A40A2F0D4DB3}"
EndProject
Project("{FAE04EC0-301F-11D3-BF4B-00C04F79EFBC}") = "Employee_Web", "Employee_Web\Employee_Web.csproj", "{340618C7-9C51-45E6-AFD5-FAA780CA0E04}"
EndProject
Project("{FAE04EC0-301F-11D3-BF4B-00C04F79EFBC}") = "Employee_EntityFramework", "Employee_EntityFramework\Employee_EntityFramework.csproj", "{7C90BED0-459F-49D7-8ACA-7FC348FD033E}"
EndProject
Global
	GlobalSection(SolutionConfigurationPlatforms) = preSolution
		Debug|Any CPU = Debug|Any CPU
		Release|Any CPU = Release|Any CPU
	EndGlobalSection
	GlobalSection(ProjectConfigurationPlatforms) = postSolution
		{504C82C4-4FDF-4B0E-8C61-A40A2F0D4DB3}.Debug|Any CPU.ActiveCfg = Debug|Any CPU
		{504C82C4-4FDF-4B0E-8C61-A40A2F0D4DB3}.Debug|Any CPU.Build.0 = Debug|Any CPU
		{504C82C4-4FDF-4B0E-8C61-A40A2F0D4DB3}.Release|Any CPU.ActiveCfg = Release|Any CPU
		{504C82C4-4FDF-4B0E-8C61-A40A2F0D4DB3}.Release|Any CPU.Build.0 = Release|Any CPU
		{340618C7-9C51-45E6-AFD5-FAA780CA0E04}.Debug|Any CPU.ActiveCfg = Debug|Any CPU
		{340618C7-9C51-45E6-AFD5-FAA780CA0E04}.Debug|Any CPU.Build.0 = Debug|Any CPU
		{340618C7-9C51-45E6-AFD5-FAA780CA0E04}.Release|Any CPU.ActiveCfg = Release|Any CPU
		{340618C7-9C51-45E6-AFD5-FAA780CA0E04}.Release|Any CPU.Build.0 = Release|Any CPU
		{7C90BED0-459F-49D7-8ACA-7FC348FD033E}.Debug|Any CPU.ActiveCfg = Debug|Any CPU
		{7C90BED0-459F-49D7-8ACA-7FC348FD033E}.Debug|Any CPU.Build.0 = Debug|Any CPU
		{7C90BED0-459F-49D7-8ACA-7FC348FD033E}.Release|Any CPU.ActiveCfg = Release|Any CPU
		{7C90BED0-459F-49D7-8ACA-7FC348FD033E}.Release|Any CPU.Build.0 = Release|Any CPU
	EndGlobalSection
	GlobalSection(SolutionProperties) = preSolution
		HideSolutionNode = FALSE
	EndGlobalSection
EndGlobal
